
Microsoft Visual Studio Solution File, Format Version 12.00
# Visual Studio Version 17
VisualStudioVersion = 17.5.33414.496
MinimumVisualStudioVersion = 10.0.40219.1
Project("{FAE04EC0-301F-11D3-BF4B-00C04F79EFBC}") = "Week8EpicGame", "Week8EpicGame\Week8EpicGame.csproj", "{19F4C478-C8F4-461A-A1C8-46E5F8861A77}"
EndProject
Global
	GlobalSection(SolutionConfigurationPlatforms) = preSolution
		Debug|Any CPU = Debug|Any CPU
		Release|Any CPU = Release|Any CPU
	EndGlobalSection
	GlobalSection(ProjectConfigurationPlatforms) = postSolution
		{19F4C478-C8F4-461A-A1C8-46E5F8861A77}.Debug|Any CPU.ActiveCfg = Debug|Any CPU
		{19F4C478-C8F4-461A-A1C8-46E5F8861A77}.Debug|Any CPU.Build.0 = Debug|Any CPU
		{19F4C478-C8F4-461A-A1C8-46E5F8861A77}.Release|Any CPU.ActiveCfg = Release|Any CPU
		{19F4C478-C8F4-461A-A1C8-46E5F8861A77}.Release|Any CPU.Build.0 = Release|Any CPU
	EndGlobalSection
	GlobalSection(SolutionProperties) = preSolution
		HideSolutionNode = FALSE
	EndGlobalSection
	GlobalSection(ExtensibilityGlobals) = postSolution
		SolutionGuid = {DFF516A6-110E-4189-85B4-82A2ECF84F4E}
	EndGlobalSection
EndGlobal
